
Microsoft Visual Studio Solution File, Format Version 12.00
# Visual Studio Version 16
VisualStudioVersion = 16.0.31729.503
MinimumVisualStudioVersion = 10.0.40219.1
Project("{FAE04EC0-301F-11D3-BF4B-00C04F79EFBC}") = "CameraTracking", "CameraTracking.csproj", "{11C781A2-2343-48FD-AB3C-E29DF557D916}"
EndProject
Global
	GlobalSection(SolutionConfigurationPlatforms) = preSolution
		Debug|Any CPU = Debug|Any CPU
		Release|Any CPU = Release|Any CPU
	EndGlobalSection
	GlobalSection(ProjectConfigurationPlatforms) = postSolution
		{11C781A2-2343-48FD-AB3C-E29DF557D916}.Debug|Any CPU.ActiveCfg = Debug|Any CPU
		{11C781A2-2343-48FD-AB3C-E29DF557D916}.Debug|Any CPU.Build.0 = Debug|Any CPU
		{11C781A2-2343-48FD-AB3C-E29DF557D916}.Release|Any CPU.ActiveCfg = Release|Any CPU
		{11C781A2-2343-48FD-AB3C-E29DF557D916}.Release|Any CPU.Build.0 = Release|Any CPU
	EndGlobalSection
	GlobalSection(SolutionProperties) = preSolution
		HideSolutionNode = FALSE
	EndGlobalSection
	GlobalSection(ExtensibilityGlobals) = postSolution
		SolutionGuid = {E65726A6-7A9A-467B-8D2B-14148AE87427}
	EndGlobalSection
EndGlobal
